Microsoft Visual Studio Solution File, Format Version 11.00
# Visual Studio 2008

Project("{2D431EF7-905E-1617-5007-49C6A55CB9F0}") = "PC03", "Assembly-CSharp.csproj", "{5F89472F-CC09-CC0B-80E2-9829F29B458A}"
EndProject
Global
	GlobalSection(SolutionConfigurationPlatforms) = preSolution
		Debug|Any CPU = Debug|Any CPU
		Release|Any CPU = Release|Any CPU
	EndGlobalSection
	GlobalSection(ProjectConfigurationPlatforms) = postSolution
		{5F89472F-CC09-CC0B-80E2-9829F29B458A}.Debug|Any CPU.ActiveCfg = Debug|Any CPU
		{5F89472F-CC09-CC0B-80E2-9829F29B458A}.Debug|Any CPU.Build.0 = Debug|Any CPU
		{5F89472F-CC09-CC0B-80E2-9829F29B458A}.Release|Any CPU.ActiveCfg = Release|Any CPU
		{5F89472F-CC09-CC0B-80E2-9829F29B458A}.Release|Any CPU.Build.0 = Release|Any CPU
	EndGlobalSection
	GlobalSection(SolutionProperties) = preSolution
		HideSolutionNode = FALSE
	EndGlobalSection
	GlobalSection(MonoDevelopProperties) = preSolution
		StartupItem = Assembly-CSharp.csproj
	EndGlobalSection
EndGlobal
